
Microsoft Visual Studio Solution File, Format Version 12.00
# Visual Studio Version 17
VisualStudioVersion = 17.14.36623.8 d17.14
MinimumVisualStudioVersion = 10.0.40219.1
Project("{FAE04EC0-301F-11D3-BF4B-00C04F79EFBC}") = "UniDesc.Web", "..\UniDesc.Web\UniDesc.Web.csproj", "{445AEFC3-E505-6E09-7E19-A4B0155E824B}"
EndProject
Project("{FAE04EC0-301F-11D3-BF4B-00C04F79EFBC}") = "UniDesk.UnitTests", "UniDesk.UnitTests\UniDesk.UnitTests.csproj", "{16FC9034-6403-4DBC-A8CE-A4525B19D5CF}"
EndProject
Global
	GlobalSection(SolutionConfigurationPlatforms) = preSolution
		Debug|Any CPU = Debug|Any CPU
		Release|Any CPU = Release|Any CPU
	EndGlobalSection
	GlobalSection(ProjectConfigurationPlatforms) = postSolution
		{445AEFC3-E505-6E09-7E19-A4B0155E824B}.Debug|Any CPU.ActiveCfg = Debug|Any CPU
		{445AEFC3-E505-6E09-7E19-A4B0155E824B}.Debug|Any CPU.Build.0 = Debug|Any CPU
		{445AEFC3-E505-6E09-7E19-A4B0155E824B}.Release|Any CPU.ActiveCfg = Release|Any CPU
		{445AEFC3-E505-6E09-7E19-A4B0155E824B}.Release|Any CPU.Build.0 = Release|Any CPU
		{16FC9034-6403-4DBC-A8CE-A4525B19D5CF}.Debug|Any CPU.ActiveCfg = Debug|Any CPU
		{16FC9034-6403-4DBC-A8CE-A4525B19D5CF}.Debug|Any CPU.Build.0 = Debug|Any CPU
		{16FC9034-6403-4DBC-A8CE-A4525B19D5CF}.Release|Any CPU.ActiveCfg = Release|Any CPU
		{16FC9034-6403-4DBC-A8CE-A4525B19D5CF}.Release|Any CPU.Build.0 = Release|Any CPU
	EndGlobalSection
	GlobalSection(SolutionProperties) = preSolution
		HideSolutionNode = FALSE
	EndGlobalSection
	GlobalSection(ExtensibilityGlobals) = postSolution
		SolutionGuid = {4B9A5C73-EC43-4301-86FB-A41A663B1885}
	EndGlobalSection
EndGlobal
